// !$*UTF8*$!
{
	archiveVersion = 1;
	classes = {
	};
	objectVersion = 48;
	objects = {

/* Begin PBXBuildFile section */
		461CAA551EE93D1000BF4CD7 /* ReplayKit.framework in Frameworks */ = {isa = PBXBuildFile; fileRef = 463F673E1EE93B9800740505 /* ReplayKit.framework */; };
		461CAA571EE93D2900BF4CD7 /* AVFoundation.framework in Frameworks */ = {isa = PBXBuildFile; fileRef = 461CAA561EE93D2300BF4CD7 /* AVFoundation.framework */; };
		8813622D1F7D3C5600D74806 /* LaunchScreen.storyboard in Resources */ = {isa = PBXBuildFile; fileRef = 881362271F7D3C4800D74806 /* LaunchScreen.storyboard */; };
		8813622E1F7D3C5600D74806 /* Main.storyboard in Resources */ = {isa = PBXBuildFile; fileRef = 881362291F7D3C4800D74806 /* Main.storyboard */; };
		881362311F7D3D7200D74806 /* AppDelegate.swift in Sources */ = {isa = PBXBuildFile; fileRef = 881362301F7D3D7200D74806 /* AppDelegate.swift */; };
		881362371F7D3D8200D74806 /* Assets.xcassets in Resources */ = {isa = PBXBuildFile; fileRef = 881362321F7D3D8000D74806 /* Assets.xcassets */; };
		881362391F7D3D8200D74806 /* sample.mp4 in Resources */ = {isa = PBXBuildFile; fileRef = 881362341F7D3D8100D74806 /* sample.mp4 */; };
		8813623A1F7D3D8200D74806 /* PlayerView.swift in Sources */ = {isa = PBXBuildFile; fileRef = 881362351F7D3D8100D74806 /* PlayerView.swift */; };
		8813623B1F7D3D8200D74806 /* ViewController.swift in Sources */ = {isa = PBXBuildFile; fileRef = 881362361F7D3D8100D74806 /* ViewController.swift */; };
		8813623D1F7D440200D74806 /* AssetWriter.swift in Sources */ = {isa = PBXBuildFile; fileRef = 8813623C1F7D440200D74806 /* AssetWriter.swift */; };
/* End PBXBuildFile section */

/* Begin PBXFileReference section */
		461CAA561EE93D2300BF4CD7 /* AVFoundation.framework */ = {isa = PBXFileReference; lastKnownFileType = wrapper.framework; name = AVFoundation.framework; path = System/Library/Frameworks/AVFoundation.framework; sourceTree = SDKROOT; };
		463F673E1EE93B9800740505 /* ReplayKit.framework */ = {isa = PBXFileReference; lastKnownFileType = wrapper.framework; name = ReplayKit.framework; path = System/Library/Frameworks/ReplayKit.framework; sourceTree = SDKROOT; };
		466CB33A1EE931DA00218B7F /* AVPlayerSample.app */ = {isa = PBXFileReference; explicitFileType = wrapper.application; includeInIndex = 0; path = AVPlayerSample.app; sourceTree = BUILT_PRODUCTS_DIR; };
		46D27AD01EEE440C00054B09 /* CoreImage.framework */ = {isa = PBXFileReference; lastKnownFileType = wrapper.framework; name = CoreImage.framework; path = System/Library/Frameworks/CoreImage.framework; sourceTree = SDKROOT; };
		881362281F7D3C4800D74806 /* Base */ = {isa = PBXFileReference; lastKnownFileType = file.storyboard; name = Base; path = AVPlayerSample/Base.lproj/LaunchScreen.storyboard; sourceTree = SOURCE_ROOT; };
		8813622A1F7D3C4800D74806 /* Base */ = {isa = PBXFileReference; lastKnownFileType = file.storyboard; name = Base; path = AVPlayerSample/Base.lproj/Main.storyboard; sourceTree = SOURCE_ROOT; };
		881362301F7D3D7200D74806 /* AppDelegate.swift */ = {isa = PBXFileReference; fileEncoding = 4; lastKnownFileType = sourcecode.swift; name = AppDelegate.swift; path = AVPlayerSample/AppDelegate.swift; sourceTree = SOURCE_ROOT; };
		881362321F7D3D8000D74806 /* Assets.xcassets */ = {isa = PBXFileReference; lastKnownFileType = folder.assetcatalog; name = Assets.xcassets; path = AVPlayerSample/Assets.xcassets; sourceTree = SOURCE_ROOT; };
		881362331F7D3D8100D74806 /* Info.plist */ = {isa = PBXFileReference; fileEncoding = 4; lastKnownFileType = text.plist.xml; name = Info.plist; path = AVPlayerSample/Info.plist; sourceTree = SOURCE_ROOT; };
		881362341F7D3D8100D74806 /* sample.mp4 */ = {isa = PBXFileReference; lastKnownFileType = file; name = sample.mp4; path = AVPlayerSample/sample.mp4; sourceTree = SOURCE_ROOT; };
		881362351F7D3D8100D74806 /* PlayerView.swift */ = {isa = PBXFileReference; fileEncoding = 4; lastKnownFileType = sourcecode.swift; name = PlayerView.swift; path = AVPlayerSample/PlayerView.swift; sourceTree = SOURCE_ROOT; };
		881362361F7D3D8100D74806 /* ViewController.swift */ = {isa = PBXFileReference; fileEncoding = 4; lastKnownFileType = sourcecode.swift; name = ViewController.swift; path = AVPlayerSample/ViewController.swift; sourceTree = SOURCE_ROOT; };
		8813623C1F7D440200D74806 /* AssetWriter.swift */ = {isa = PBXFileReference; lastKnownFileType = sourcecode.swift; name = AssetWriter.swift; path = ../../SpriteKitSample/SpriteKitSample/AssetWriter.swift; sourceTree = "<group>"; };
/* End PBXFileReference section */

/* Begin PBXFrameworksBuildPhase section */
		466CB3371EE931DA00218B7F /* Frameworks */ = {
			isa = PBXFrameworksBuildPhase;
			buildActionMask = 2147483647;
			files = (
				461CAA571EE93D2900BF4CD7 /* AVFoundation.framework in Frameworks */,
				461CAA551EE93D1000BF4CD7 /* ReplayKit.framework in Frameworks */,
			);
			runOnlyForDeploymentPostprocessing = 0;
		};
/* End PBXFrameworksBuildPhase section */

/* Begin PBXGroup section */
		463F673D1EE93B9800740505 /* Frameworks */ = {
			isa = PBXGroup;
			children = (
				46D27AD01EEE440C00054B09 /* CoreImage.framework */,
				461CAA561EE93D2300BF4CD7 /* AVFoundation.framework */,
				463F673E1EE93B9800740505 /* ReplayKit.framework */,
			);
			name = Frameworks;
			sourceTree = "<group>";
		};
		466CB3311EE931DA00218B7F = {
			isa = PBXGroup;
			children = (
				8813622F1F7D3D2600D74806 /* AVPlayerSample */,
				466CB33B1EE931DA00218B7F /* Products */,
				463F673D1EE93B9800740505 /* Frameworks */,
			);
			sourceTree = "<group>";
		};
		466CB33B1EE931DA00218B7F /* Products */ = {
			isa = PBXGroup;
			children = (
				466CB33A1EE931DA00218B7F /* AVPlayerSample.app */,
			);
			name = Products;
			sourceTree = "<group>";
		};
		8813622F1F7D3D2600D74806 /* AVPlayerSample */ = {
			isa = PBXGroup;
			children = (
				881362301F7D3D7200D74806 /* AppDelegate.swift */,
				881362321F7D3D8000D74806 /* Assets.xcassets */,
				881362331F7D3D8100D74806 /* Info.plist */,
				881362271F7D3C4800D74806 /* LaunchScreen.storyboard */,
				881362291F7D3C4800D74806 /* Main.storyboard */,
				881362351F7D3D8100D74806 /* PlayerView.swift */,
				881362341F7D3D8100D74806 /* sample.mp4 */,
				881362361F7D3D8100D74806 /* ViewController.swift */,
				8813623C1F7D440200D74806 /* AssetWriter.swift */,
			);
			name = AVPlayerSample;
			path = "New Group";
			sourceTree = "<group>";
		};
/* End PBXGroup section */

/* Begin PBXNativeTarget section */
		466CB3391EE931DA00218B7F /* AVPlayerSample */ = {
			isa = PBXNativeTarget;
			buildConfigurationList = 466CB34C1EE931DA00218B7F /* Build configuration list for PBXNativeTarget "AVPlayerSample" */;
			buildPhases = (
				466CB3361EE931DA00218B7F /* Sources */,
				466CB3371EE931DA00218B7F /* Frameworks */,
				466CB3381EE931DA00218B7F /* Resources */,
			);
			buildRules = (
			);
			dependencies = (
			);
			name = AVPlayerSample;
			productName = Test;
			productReference = 466CB33A1EE931DA00218B7F /* AVPlayerSample.app */;
			productType = "com.apple.product-type.application";
		};
/* End PBXNativeTarget section */

/* Begin PBXProject section */
		466CB3321EE931DA00218B7F /* Project object */ = {
			isa = PBXProject;
			attributes = {
				LastSwiftUpdateCheck = 0900;
				LastUpgradeCheck = 0900;
				ORGANIZATIONNAME = "";
				TargetAttributes = {
					466CB3391EE931DA00218B7F = {
						CreatedOnToolsVersion = 9.0;
					};
				};
			};
			buildConfigurationList = 466CB3351EE931DA00218B7F /* Build configuration list for PBXProject "AVPlayerSample" */;
			compatibilityVersion = "Xcode 8.0";
			developmentRegion = en;
			hasScannedForEncodings = 0;
			knownRegions = (
				en,
				Base,
			);
			mainGroup = 466CB3311EE931DA00218B7F;
			productRefGroup = 466CB33B1EE931DA00218B7F /* Products */;
			projectDirPath = "";
			projectRoot = "";
			targets = (
				466CB3391EE931DA00218B7F /* AVPlayerSample */,
			);
		};
/* End PBXProject section */

/* Begin PBXResourcesBuildPhase section */
		466CB3381EE931DA00218B7F /* Resources */ = {
			isa = PBXResourcesBuildPhase;
			buildActionMask = 2147483647;
			files = (
				881362391F7D3D8200D74806 /* sample.mp4 in Resources */,
				8813622D1F7D3C5600D74806 /* LaunchScreen.storyboard in Resources */,
				8813622E1F7D3C5600D74806 /* Main.storyboard in Resources */,
				881362371F7D3D8200D74806 /* Assets.xcassets in Resources */,
			);
			runOnlyForDeploymentPostprocessing = 0;
		};
/* End PBXResourcesBuildPhase section */

/* Begin PBXSourcesBuildPhase section */
		466CB3361EE931DA00218B7F /* Sources */ = {
			isa = PBXSourcesBuildPhase;
			buildActionMask = 2147483647;
			files = (
				8813623B1F7D3D8200D74806 /* ViewController.swift in Sources */,
				8813623D1F7D440200D74806 /* AssetWriter.swift in Sources */,
				881362311F7D3D7200D74806 /* AppDelegate.swift in Sources */,
				8813623A1F7D3D8200D74806 /* PlayerView.swift in Sources */,
			);
			runOnlyForDeploymentPostprocessing = 0;
		};
/* End PBXSourcesBuildPhase section */

/* Begin PBXVariantGroup section */
		881362271F7D3C4800D74806 /* LaunchScreen.storyboard */ = {
			isa = PBXVariantGroup;
			children = (
				881362281F7D3C4800D74806 /* Base */,
			);
			name = LaunchScreen.storyboard;
			sourceTree = "<group>";
		};
		881362291F7D3C4800D74806 /* Main.storyboard */ = {
			isa = PBXVariantGroup;
			children = (
				8813622A1F7D3C4800D74806 /* Base */,
			);
			name = Main.storyboard;
			sourceTree = "<group>";
		};
/* End PBXVariantGroup section */

/* Begin XCBuildConfiguration section */
		466CB34A1EE931DA00218B7F /* Debug */ = {
			isa = XCBuildConfiguration;
			buildSettings = {
				ALWAYS_SEARCH_USER_PATHS = NO;
				CLANG_ANALYZER_NONNULL = YES;
				CLANG_ANALYZER_NUMBER_OBJECT_CONVERSION = YES_AGGRESSIVE;
				CLANG_CXX_LANGUAGE_STANDARD = "gnu++14";
				CLANG_CXX_LIBRARY = "libc++";
				CLANG_ENABLE_MODULES = YES;
				CLANG_ENABLE_OBJC_ARC = YES;
				CLANG_WARN_BLOCK_CAPTURE_AUTORELEASING = YES;
				CLANG_WARN_BOOL_CONVERSION = YES;
				CLANG_WARN_COMMA = YES;
				CLANG_WARN_CONSTANT_CONVERSION = YES;
				CLANG_WARN_DIRECT_OBJC_ISA_USAGE = YES_ERROR;
				CLANG_WARN_DOCUMENTATION_COMMENTS = YES;
				CLANG_WARN_EMPTY_BODY = YES;
				CLANG_WARN_ENUM_CONVERSION = YES;
				CLANG_WARN_INFINITE_RECURSION = YES;
				CLANG_WARN_INT_CONVERSION = YES;
				CLANG_WARN_OBJC_ROOT_CLASS = YES_ERROR;
				CLANG_WARN_RANGE_LOOP_ANALYSIS = YES;
				CLANG_WARN_STRICT_PROTOTYPES = YES;
				CLANG_WARN_SUSPICIOUS_MOVE = YES;
				CLANG_WARN_UNGUARDED_AVAILABILITY = YES_AGGRESSIVE;
				CLANG_WARN_UNREACHABLE_CODE = YES;
				CLANG_WARN__DUPLICATE_METHOD_MATCH = YES;
				CODE_SIGN_IDENTITY = "iPhone Developer";
				COPY_PHASE_STRIP = NO;
				DEBUG_INFORMATION_FORMAT = dwarf;
				ENABLE_STRICT_OBJC_MSGSEND = YES;
				ENABLE_TESTABILITY = YES;
				GCC_C_LANGUAGE_STANDARD = gnu11;
				GCC_DYNAMIC_NO_PIC = NO;
				GCC_NO_COMMON_BLOCKS = YES;
				GCC_OPTIMIZATION_LEVEL = 0;
				GCC_PREPROCESSOR_DEFINITIONS = (
					"DEBUG=1",
					"$(inherited)",
				);
				GCC_WARN_64_TO_32_BIT_CONVERSION = YES;
				GCC_WARN_ABOUT_RETURN_TYPE = YES_ERROR;
				GCC_WARN_UNDECLARED_SELECTOR = YES;
				GCC_WARN_UNINITIALIZED_AUTOS = YES_AGGRESSIVE;
				GCC_WARN_UNUSED_FUNCTION = YES;
				GCC_WARN_UNUSED_VARIABLE = YES;
				IPHONEOS_DEPLOYMENT_TARGET = 11.0;
				MTL_ENABLE_DEBUG_INFO = YES;
				ONLY_ACTIVE_ARCH = YES;
				SDKROOT = iphoneos;
				SWIFT_ACTIVE_COMPILATION_CONDITIONS = DEBUG;
				SWIFT_OPTIMIZATION_LEVEL = "-Onone";
				SWIFT_VERSION = "";
			};
			name = Debug;
		};
		466CB34B1EE931DA00218B7F /* Release */ = {
			isa = XCBuildConfiguration;
			buildSettings = {
				ALWAYS_SEARCH_USER_PATHS = NO;
				CLANG_ANALYZER_NONNULL = YES;
				CLANG_ANALYZER_NUMBER_OBJECT_CONVERSION = YES_AGGRESSIVE;
				CLANG_CXX_LANGUAGE_STANDARD = "gnu++14";
				CLANG_CXX_LIBRARY = "libc++";
				CLANG_ENABLE_MODULES = YES;
				CLANG_ENABLE_OBJC_ARC = YES;
				CLANG_WARN_BLOCK_CAPTURE_AUTORELEASING = YES;
				CLANG_WARN_BOOL_CONVERSION = YES;
				CLANG_WARN_COMMA = YES;
				CLANG_WARN_CONSTANT_CONVERSION = YES;
				CLANG_WARN_DIRECT_OBJC_ISA_USAGE = YES_ERROR;
				CLANG_WARN_DOCUMENTATION_COMMENTS = YES;
				CLANG_WARN_EMPTY_BODY = YES;
				CLANG_WARN_ENUM_CONVERSION = YES;
				CLANG_WARN_INFINITE_RECURSION = YES;
				CLANG_WARN_INT_CONVERSION = YES;
				CLANG_WARN_OBJC_ROOT_CLASS = YES_ERROR;
				CLANG_WARN_RANGE_LOOP_ANALYSIS = YES;
				CLANG_WARN_STRICT_PROTOTYPES = YES;
				CLANG_WARN_SUSPICIOUS_MOVE = YES;
				CLANG_WARN_UNGUARDED_AVAILABILITY = YES_AGGRESSIVE;
				CLANG_WARN_UNREACHABLE_CODE = YES;
				CLANG_WARN__DUPLICATE_METHOD_MATCH = YES;
				CODE_SIGN_IDENTITY = "iPhone Developer";
				COPY_PHASE_STRIP = NO;
				DEBUG_INFORMATION_FORMAT = "dwarf-with-dsym";
				ENABLE_NS_ASSERTIONS = NO;
				ENABLE_STRICT_OBJC_MSGSEND = YES;
				GCC_C_LANGUAGE_STANDARD = gnu11;
				GCC_NO_COMMON_BLOCKS = YES;
				GCC_WARN_64_TO_32_BIT_CONVERSION = YES;
				GCC_WARN_ABOUT_RETURN_TYPE = YES_ERROR;
				GCC_WARN_UNDECLARED_SELECTOR = YES;
				GCC_WARN_UNINITIALIZED_AUTOS = YES_AGGRESSIVE;
				GCC_WARN_UNUSED_FUNCTION = YES;
				GCC_WARN_UNUSED_VARIABLE = YES;
				IPHONEOS_DEPLOYMENT_TARGET = 11.0;
				MTL_ENABLE_DEBUG_INFO = NO;
				SDKROOT = iphoneos;
				SWIFT_OPTIMIZATION_LEVEL = "-Owholemodule";
				SWIFT_VERSION = "";
				VALIDATE_PRODUCT = YES;
			};
			name = Release;
		};
		466CB34D1EE931DA00218B7F /* Debug */ = {
			isa = XCBuildConfiguration;
			buildSettings = {
				ASSETCATALOG_COMPILER_APPICON_NAME = AppIcon;
				DEVELOPMENT_TEAM = PBPJF6E2G5;
				INFOPLIST_FILE = AVPlayerSample/Info.plist;
				LD_RUNPATH_SEARCH_PATHS = "$(inherited) @executable_path/Frameworks";
				PRODUCT_BUNDLE_IDENTIFIER = jp.co.Map;
				PRODUCT_NAME = "$(TARGET_NAME)";
				SWIFT_VERSION = 3.0;
				TARGETED_DEVICE_FAMILY = "1,2";
			};
			name = Debug;
		};
		466CB34E1EE931DA00218B7F /* Release */ = {
			isa = XCBuildConfiguration;
			buildSettings = {
				ASSETCATALOG_COMPILER_APPICON_NAME = AppIcon;
				DEVELOPMENT_TEAM = PBPJF6E2G5;
				INFOPLIST_FILE = AVPlayerSample/Info.plist;
				LD_RUNPATH_SEARCH_PATHS = "$(inherited) @executable_path/Frameworks";
				PRODUCT_BUNDLE_IDENTIFIER = jp.co.Map;
				PRODUCT_NAME = "$(TARGET_NAME)";
				SWIFT_VERSION = 3.0;
				TARGETED_DEVICE_FAMILY = "1,2";
			};
			name = Release;
		};
/* End XCBuildConfiguration section */

/* Begin XCConfigurationList section */
		466CB3351EE931DA00218B7F /* Build configuration list for PBXProject "AVPlayerSample" */ = {
			isa = XCConfigurationList;
			buildConfigurations = (
				466CB34A1EE931DA00218B7F /* Debug */,
				466CB34B1EE931DA00218B7F /* Release */,
			);
			defaultConfigurationIsVisible = 0;
			defaultConfigurationName = Release;
		};
		466CB34C1EE931DA00218B7F /* Build configuration list for PBXNativeTarget "AVPlayerSample" */ = {
			isa = XCConfigurationList;
			buildConfigurations = (
				466CB34D1EE931DA00218B7F /* Debug */,
				466CB34E1EE931DA00218B7F /* Release */,
			);
			defaultConfigurationIsVisible = 0;
			defaultConfigurationName = Release;
		};
/* End XCConfigurationList section */
	};
	rootObject = 466CB3321EE931DA00218B7F /* Project object */;
}
